PODS:
  - artemis_zebra (0.0.1):
    - FlutterMacOS
  - FlutterMacOS (1.0.0)

DEPENDENCIES:
  - artemis_zebra (from `Flutter/ephemeral/.symlinks/plugins/artemis_zebra/macos`)
  - FlutterMacOS (from `Flutter/ephemeral`)

EXTERNAL SOURCES:
  artemis_zebra:
    :path: Flutter/ephemeral/.symlinks/plugins/artemis_zebra/macos
  FlutterMacOS:
    :path: Flutter/ephemeral

SPEC CHECKSUMS:
  artemis_zebra: 39a80d8c06ed52d0f1e3a33dc6968657bd24838b
  FlutterMacOS: ae6af50a8ea7d6103d888583d46bd8328a7e9811

PODFILE CHECKSUM: 6eac6b3292e5142cfc23bdeb71848a40ec51c14c

COCOAPODS: 1.11.3
